
Microsoft Visual Studio Solution File, Format Version 12.00
# Visual Studio Version 16
VisualStudioVersion = 25.0.1706.4
MinimumVisualStudioVersion = 10.0.40219.1
Project("{FAE04EC0-301F-11D3-BF4B-00C04F79EFBC}") = "ConsoleApp1", "ConsoleApp1.csproj", "{286B5634-6CF1-4A20-A6C7-714FDD661AF8}"
EndProject
Global
	GlobalSection(SolutionConfigurationPlatforms) = preSolution
		Debug|Any CPU = Debug|Any CPU
		Release|Any CPU = Release|Any CPU
	EndGlobalSection
	GlobalSection(ProjectConfigurationPlatforms) = postSolution
		{286B5634-6CF1-4A20-A6C7-714FDD661AF8}.Debug|Any CPU.ActiveCfg = Debug|Any CPU
		{286B5634-6CF1-4A20-A6C7-714FDD661AF8}.Debug|Any CPU.Build.0 = Debug|Any CPU
		{286B5634-6CF1-4A20-A6C7-714FDD661AF8}.Release|Any CPU.ActiveCfg = Release|Any CPU
		{286B5634-6CF1-4A20-A6C7-714FDD661AF8}.Release|Any CPU.Build.0 = Release|Any CPU
	EndGlobalSection
	GlobalSection(SolutionProperties) = preSolution
		HideSolutionNode = FALSE
	EndGlobalSection
	GlobalSection(ExtensibilityGlobals) = postSolution
		SolutionGuid = {CC14F73A-62E3-41AE-B0D3-06C001C1572B}
	EndGlobalSection
EndGlobal
